
Microsoft Visual Studio Solution File, Format Version 12.00
# Visual Studio Version 17
VisualStudioVersion = 17.3.32825.248
MinimumVisualStudioVersion = 10.0.40219.1
Project("{FAE04EC0-301F-11D3-BF4B-00C04F79EFBC}") = "Форте-пиано by Kotovich.inc", "Форте-пиано by Kotovich.inc\Форте-пиано by Kotovich.inc.csproj", "{38D74E85-1F18-43E4-A660-322E9C4A7D8A}"
EndProject
Global
	GlobalSection(SolutionConfigurationPlatforms) = preSolution
		Debug|Any CPU = Debug|Any CPU
		Release|Any CPU = Release|Any CPU
	EndGlobalSection
	GlobalSection(ProjectConfigurationPlatforms) = postSolution
		{38D74E85-1F18-43E4-A660-322E9C4A7D8A}.Debug|Any CPU.ActiveCfg = Debug|Any CPU
		{38D74E85-1F18-43E4-A660-322E9C4A7D8A}.Debug|Any CPU.Build.0 = Debug|Any CPU
		{38D74E85-1F18-43E4-A660-322E9C4A7D8A}.Release|Any CPU.ActiveCfg = Release|Any CPU
		{38D74E85-1F18-43E4-A660-322E9C4A7D8A}.Release|Any CPU.Build.0 = Release|Any CPU
	EndGlobalSection
	GlobalSection(SolutionProperties) = preSolution
		HideSolutionNode = FALSE
	EndGlobalSection
	GlobalSection(ExtensibilityGlobals) = postSolution
		SolutionGuid = {8DB4E51B-B831-4374-971B-C98DA0D45DB8}
	EndGlobalSection
EndGlobal
